
Microsoft Visual Studio Solution File, Format Version 12.00
# Visual Studio Version 17
VisualStudioVersion = 17.14.36203.30
MinimumVisualStudioVersion = 10.0.40219.1
Project("{FAE04EC0-301F-11D3-BF4B-00C04F79EFBC}") = "WeddingSite", "WeddingSite\WeddingSite.csproj", "{D75A7573-E088-4D85-AAFD-A2C40DBAC61E}"
EndProject
Global
	GlobalSection(SolutionConfigurationPlatforms) = preSolution
		Debug|Any CPU = Debug|Any CPU
		Release|Any CPU = Release|Any CPU
	EndGlobalSection
	GlobalSection(ProjectConfigurationPlatforms) = postSolution
		{D75A7573-E088-4D85-AAFD-A2C40DBAC61E}.Debug|Any CPU.ActiveCfg = Debug|Any CPU
		{D75A7573-E088-4D85-AAFD-A2C40DBAC61E}.Debug|Any CPU.Build.0 = Debug|Any CPU
		{D75A7573-E088-4D85-AAFD-A2C40DBAC61E}.Release|Any CPU.ActiveCfg = Release|Any CPU
		{D75A7573-E088-4D85-AAFD-A2C40DBAC61E}.Release|Any CPU.Build.0 = Release|Any CPU
	EndGlobalSection
	GlobalSection(SolutionProperties) = preSolution
		HideSolutionNode = FALSE
	EndGlobalSection
	GlobalSection(ExtensibilityGlobals) = postSolution
		SolutionGuid = {B633ADB8-1F0B-44F1-960B-B00A4776BE23}
	EndGlobalSection
EndGlobal
