
Microsoft Visual Studio Solution File, Format Version 12.00
# Visual Studio Version 17
VisualStudioVersion = 17.14.36203.30
MinimumVisualStudioVersion = 10.0.40219.1
Project("{FAE04EC0-301F-11D3-BF4B-00C04F79EFBC}") = "WeddingSite.Api", "WeddingSite.Api\WeddingSite.Api.csproj", "{A5265311-1B74-4507-9E3E-0CAF937D6913}"
EndProject
Global
	GlobalSection(SolutionConfigurationPlatforms) = preSolution
		Debug|Any CPU = Debug|Any CPU
		Debug|x64 = Debug|x64
		Debug|x86 = Debug|x86
		Release|Any CPU = Release|Any CPU
		Release|x64 = Release|x64
		Release|x86 = Release|x86
	EndGlobalSection
	GlobalSection(ProjectConfigurationPlatforms) = postSolution
		{A5265311-1B74-4507-9E3E-0CAF937D6913}.Debug|Any CPU.ActiveCfg = Debug|Any CPU
		{A5265311-1B74-4507-9E3E-0CAF937D6913}.Debug|Any CPU.Build.0 = Debug|Any CPU
		{A5265311-1B74-4507-9E3E-0CAF937D6913}.Debug|x64.ActiveCfg = Debug|Any CPU
		{A5265311-1B74-4507-9E3E-0CAF937D6913}.Debug|x64.Build.0 = Debug|Any CPU
		{A5265311-1B74-4507-9E3E-0CAF937D6913}.Debug|x86.ActiveCfg = Debug|Any CPU
		{A5265311-1B74-4507-9E3E-0CAF937D6913}.Debug|x86.Build.0 = Debug|Any CPU
		{A5265311-1B74-4507-9E3E-0CAF937D6913}.Release|Any CPU.ActiveCfg = Release|Any CPU
		{A5265311-1B74-4507-9E3E-0CAF937D6913}.Release|Any CPU.Build.0 = Release|Any CPU
		{A5265311-1B74-4507-9E3E-0CAF937D6913}.Release|x64.ActiveCfg = Release|Any CPU
		{A5265311-1B74-4507-9E3E-0CAF937D6913}.Release|x64.Build.0 = Release|Any CPU
		{A5265311-1B74-4507-9E3E-0CAF937D6913}.Release|x86.ActiveCfg = Release|Any CPU
		{A5265311-1B74-4507-9E3E-0CAF937D6913}.Release|x86.Build.0 = Release|Any CPU
	EndGlobalSection
	GlobalSection(SolutionProperties) = preSolution
		HideSolutionNode = FALSE
	EndGlobalSection
	GlobalSection(ExtensibilityGlobals) = postSolution
		SolutionGuid = {B633ADB8-1F0B-44F1-960B-B00A4776BE23}
	EndGlobalSection
EndGlobal
